lockfileVersion: 5.3

specifiers:
  '@sveltejs/adapter-node': next
  '@sveltejs/kit': next
  firebase: ^8.10.0
  svelte: ^3.42.3
  svelte-preprocess: ^4.8.0
  tslib: ^2.3.1
  typescript: ^4.3.5
  vite: ^2.5.1

devDependencies:
  '@sveltejs/adapter-node': 1.0.0-next.43
  '@sveltejs/kit': 1.0.0-next.158_svelte@3.42.3
  firebase: 8.10.0
  svelte: 3.42.3
  svelte-preprocess: 4.8.0_svelte@3.42.3+typescript@4.3.5
  tslib: 2.3.1
  typescript: 4.3.5
  vite: 2.5.1

packages:

  /@firebase/analytics-types/0.6.0:
    resolution: {integrity: sha512-kbMawY0WRPyL/lbknBkme4CNLl+Gw+E9G4OpNeXAauqoQiNkBgpIvZYy7BRT4sNGhZbxdxXxXbruqUwDzLmvTw==}
    dev: true

  /@firebase/analytics/0.6.18_cecf7a7a742bee2db1328663fe21e1e0:
    resolution: {integrity: sha512-FXNtYDxbs9ynPbzUVuG94BjFPOPpgJ7156660uvCBuKgoBCIVcNqKkJQQ7TH8384fqvGjbjdcgARY9jgAHbtog==}
    peerDependencies:
      '@firebase/app': 0.x
      '@firebase/app-types': 0.x
    dependencies:
      '@firebase/analytics-types': 0.6.0
      '@firebase/app': 0.6.30
      '@firebase/app-types': 0.6.3
      '@firebase/component': 0.5.6
      '@firebase/installations': 0.4.32_cecf7a7a742bee2db1328663fe21e1e0
      '@firebase/logger': 0.2.6
      '@firebase/util': 1.3.0
      tslib: 2.3.1
    dev: true

  /@firebase/app-check-interop-types/0.1.0:
    resolution: {integrity: sha512-uZfn9s4uuRsaX5Lwx+gFP3B6YsyOKUE+Rqa6z9ojT4VSRAsZFko9FRn6OxQUA1z5t5d08fY4pf+/+Dkd5wbdbA==}
    dev: true

  /@firebase/app-check-types/0.3.1:
    resolution: {integrity: sha512-KJ+BqJbdNsx4QT/JIT1yDj5p6D+QN97iJs3GuHnORrqL+DU3RWc9nSYQsrY6Tv9jVWcOkMENXAgDT484vzsm2w==}
    dev: true

  /@firebase/app-check/0.3.2_cecf7a7a742bee2db1328663fe21e1e0:
    resolution: {integrity: sha512-YjpsnV1xVTO1B836IKijRcDeceLgHQNJ/DWa+Vky9UHkm1Mi4qosddX8LZzldaWRTWKX7BN1MbZOLY8r7M/MZQ==}
    peerDependencies:
      '@firebase/app': 0.x
      '@firebase/app-types': 0.x
    dependencies:
      '@firebase/app': 0.6.30
      '@firebase/app-check-interop-types': 0.1.0
      '@firebase/app-check-types': 0.3.1
      '@firebase/app-types': 0.6.3
      '@firebase/component': 0.5.6
      '@firebase/logger': 0.2.6
      '@firebase/util': 1.3.0
      tslib: 2.3.1
    dev: true

  /@firebase/app-types/0.6.3:
    resolution: {integrity: sha512-/M13DPPati7FQHEQ9Minjk1HGLm/4K4gs9bR4rzLCWJg64yGtVC0zNg9gDpkw9yc2cvol/mNFxqTtd4geGrwdw==}
    dev: true

  /@firebase/app/0.6.30:
    resolution: {integrity: sha512-uAYEDXyK0mmpZ8hWQj5TNd7WVvfsU8PgsqKpGljbFBG/HhsH8KbcykWAAA+c1PqL7dt/dbt0Reh1y9zEdYzMhg==}
    dependencies:
      '@firebase/app-types': 0.6.3
      '@firebase/component': 0.5.6
      '@firebase/logger': 0.2.6
      '@firebase/util': 1.3.0
      dom-storage: 2.1.0
      tslib: 2.3.1
      xmlhttprequest: 1.8.0
    dev: true

  /@firebase/auth-interop-types/0.1.6_0cd4160f67e87572471d89d202cbf809:
    resolution: {integrity: sha512-etIi92fW3CctsmR9e3sYM3Uqnoq861M0Id9mdOPF6PWIg38BXL5k4upCNBggGUpLIS0H1grMOvy/wn1xymwe2g==}
    peerDependencies:
      '@firebase/app-types': 0.x
      '@firebase/util': 1.x
    dependencies:
      '@firebase/app-types': 0.6.3
      '@firebase/util': 1.3.0
    dev: true

  /@firebase/auth-types/0.10.3_0cd4160f67e87572471d89d202cbf809:
    resolution: {integrity: sha512-zExrThRqyqGUbXOFrH/sowuh2rRtfKHp9SBVY2vOqKWdCX1Ztn682n9WLtlUDsiYVIbBcwautYWk2HyCGFv0OA==}
    peerDependencies:
      '@firebase/app-types': 0.x
      '@firebase/util': 1.x
    dependencies:
      '@firebase/app-types': 0.6.3
      '@firebase/util': 1.3.0
    dev: true

  /@firebase/auth/0.16.8_03b29b07c5e346e52c8158b4581c9f15:
    resolution: {integrity: sha512-mR0UXG4LirWIfOiCWxVmvz1o23BuKGxeItQ2cCUgXLTjNtWJXdcky/356iTUsd7ZV5A78s2NHeN5tIDDG6H4rg==}
    peerDependencies:
      '@firebase/app': 0.x
    dependencies:
      '@firebase/app': 0.6.30
      '@firebase/auth-types': 0.10.3_0cd4160f67e87572471d89d202cbf809
    transitivePeerDependencies:
      - '@firebase/app-types'
      - '@firebase/util'
    dev: true

  /@firebase/component/0.5.6:
    resolution: {integrity: sha512-GyQJ+2lrhsDqeGgd1VdS7W+Y6gNYyI0B51ovNTxeZVG/W8I7t9MwEiCWsCvfm5wQgfsKp9dkzOcJrL5k8oVO/Q==}
    dependencies:
      '@firebase/util': 1.3.0
      tslib: 2.3.1
    dev: true

  /@firebase/database-types/0.8.0:
    resolution: {integrity: sha512-7IdjAFRfPWyG3b4wcXyghb3Y1CLCSJFZIg1xl5GbTVMttSQFT4B5NYdhsfA34JwAsv5pMzPpjOaS3/K9XJ2KiA==}
    dependencies:
      '@firebase/app-types': 0.6.3
      '@firebase/util': 1.3.0
    dev: true

  /@firebase/database/0.11.0_@firebase+app-types@0.6.3:
    resolution: {integrity: sha512-b/kwvCubr6G9coPlo48PbieBDln7ViFBHOGeVt/bt82yuv5jYZBEYAac/mtOVSxpf14aMo/tAN+Edl6SWqXApw==}
    dependencies:
      '@firebase/auth-interop-types': 0.1.6_0cd4160f67e87572471d89d202cbf809
      '@firebase/component': 0.5.6
      '@firebase/database-types': 0.8.0
      '@firebase/logger': 0.2.6
      '@firebase/util': 1.3.0
      faye-websocket: 0.11.3
      tslib: 2.3.1
    transitivePeerDependencies:
      - '@firebase/app-types'
    dev: true

  /@firebase/firestore-types/2.4.0_0cd4160f67e87572471d89d202cbf809:
    resolution: {integrity: sha512-0dgwfuNP7EN6/OlK2HSNSQiQNGLGaRBH0gvgr1ngtKKJuJFuq0Z48RBMeJX9CGjV4TP9h2KaB+KrUKJ5kh1hMg==}
    peerDependencies:
      '@firebase/app-types': 0.x
      '@firebase/util': 1.x
    dependencies:
      '@firebase/app-types': 0.6.3
      '@firebase/util': 1.3.0
    dev: true

  /@firebase/firestore/2.4.0_cecf7a7a742bee2db1328663fe21e1e0:
    resolution: {integrity: sha512-PQ6+lWNrvh74GvFTHT4gCutFipDmtu8D1tNNawKe+/SyL6XFgeuMYgZIpKQgkTSezVDogC7EGQTJBFnewF9pOg==}
    engines: {node: ^8.13.0 || >=10.10.0}
    peerDependencies:
      '@firebase/app': 0.x
      '@firebase/app-types': 0.x
    dependencies:
      '@firebase/app': 0.6.30
      '@firebase/app-types': 0.6.3
      '@firebase/component': 0.5.6
      '@firebase/firestore-types': 2.4.0_0cd4160f67e87572471d89d202cbf809
      '@firebase/logger': 0.2.6
      '@firebase/util': 1.3.0
      '@firebase/webchannel-wrapper': 0.5.1
      '@grpc/grpc-js': 1.3.7
      '@grpc/proto-loader': 0.6.4
      node-fetch: 2.6.1
      tslib: 2.3.1
    dev: true

  /@firebase/functions-types/0.4.0:
    resolution: {integrity: sha512-3KElyO3887HNxtxNF1ytGFrNmqD+hheqjwmT3sI09FaDCuaxGbOnsXAXH2eQ049XRXw9YQpHMgYws/aUNgXVyQ==}
    dev: true

  /@firebase/functions/0.6.15_cecf7a7a742bee2db1328663fe21e1e0:
    resolution: {integrity: sha512-b7RpLwFXi0N+HgkfK8cmkarSOoBeSrc1jNdadkCacQt+vIePkKM3E9EJXF4roWSa8GwTruodpBsvH+lK9iCAKQ==}
    peerDependencies:
      '@firebase/app': 0.x
      '@firebase/app-types': 0.x
    dependencies:
      '@firebase/app': 0.6.30
      '@firebase/app-types': 0.6.3
      '@firebase/component': 0.5.6
      '@firebase/functions-types': 0.4.0
      '@firebase/messaging-types': 0.5.0_@firebase+app-types@0.6.3
      node-fetch: 2.6.1
      tslib: 2.3.1
    dev: true

  /@firebase/installations-types/0.3.4_@firebase+app-types@0.6.3:
    resolution: {integrity: sha512-RfePJFovmdIXb6rYwtngyxuEcWnOrzdZd9m7xAW0gRxDIjBT20n3BOhjpmgRWXo/DAxRmS7bRjWAyTHY9cqN7Q==}
    peerDependencies:
      '@firebase/app-types': 0.x
    dependencies:
      '@firebase/app-types': 0.6.3
    dev: true

  /@firebase/installations/0.4.32_cecf7a7a742bee2db1328663fe21e1e0:
    resolution: {integrity: sha512-K4UlED1Vrhd2rFQQJih+OgEj8OTtrtH4+Izkx7ip2bhXSc+unk8ZhnF69D0kmh7zjXAqEDJrmHs9O5fI3rV6Tw==}
    peerDependencies:
      '@firebase/app': 0.x
      '@firebase/app-types': 0.x
    dependencies:
      '@firebase/app': 0.6.30
      '@firebase/app-types': 0.6.3
      '@firebase/component': 0.5.6
      '@firebase/installations-types': 0.3.4_@firebase+app-types@0.6.3
      '@firebase/util': 1.3.0
      idb: 3.0.2
      tslib: 2.3.1
    dev: true

  /@firebase/logger/0.2.6:
    resolution: {integrity: sha512-KIxcUvW/cRGWlzK9Vd2KB864HlUnCfdTH0taHE0sXW5Xl7+W68suaeau1oKNEqmc3l45azkd4NzXTCWZRZdXrw==}
    dev: true

  /@firebase/messaging-types/0.5.0_@firebase+app-types@0.6.3:
    resolution: {integrity: sha512-QaaBswrU6umJYb/ZYvjR5JDSslCGOH6D9P136PhabFAHLTR4TWjsaACvbBXuvwrfCXu10DtcjMxqfhdNIB1Xfg==}
    peerDependencies:
      '@firebase/app-types': 0.x
    dependencies:
      '@firebase/app-types': 0.6.3
    dev: true

  /@firebase/messaging/0.8.0_cecf7a7a742bee2db1328663fe21e1e0:
    resolution: {integrity: sha512-hkFHDyVe1kMcY9KEG+prjCbvS6MtLUgVFUbbQqq7JQfiv58E07YCzRUcMrJolbNi/1QHH6Jv16DxNWjJB9+/qA==}
    peerDependencies:
      '@firebase/app': 0.x
      '@firebase/app-types': 0.x
    dependencies:
      '@firebase/app': 0.6.30
      '@firebase/app-types': 0.6.3
      '@firebase/component': 0.5.6
      '@firebase/installations': 0.4.32_cecf7a7a742bee2db1328663fe21e1e0
      '@firebase/messaging-types': 0.5.0_@firebase+app-types@0.6.3
      '@firebase/util': 1.3.0
      idb: 3.0.2
      tslib: 2.3.1
    dev: true

  /@firebase/performance-types/0.0.13:
    resolution: {integrity: sha512-6fZfIGjQpwo9S5OzMpPyqgYAUZcFzZxHFqOyNtorDIgNXq33nlldTL/vtaUZA8iT9TT5cJlCrF/jthKU7X21EA==}
    dev: true

  /@firebase/performance/0.4.18_cecf7a7a742bee2db1328663fe21e1e0:
    resolution: {integrity: sha512-lvZW/TVDne2TyOpWbv++zjRn277HZpbjxbIPfwtnmKjVY1gJ+H77Qi1c2avVIc9hg80uGX/5tNf4pOApNDJLVg==}
    peerDependencies:
      '@firebase/app': 0.x
      '@firebase/app-types': 0.x
    dependencies:
      '@firebase/app': 0.6.30
      '@firebase/app-types': 0.6.3
      '@firebase/component': 0.5.6
      '@firebase/installations': 0.4.32_cecf7a7a742bee2db1328663fe21e1e0
      '@firebase/logger': 0.2.6
      '@firebase/performance-types': 0.0.13
      '@firebase/util': 1.3.0
      tslib: 2.3.1
    dev: true

  /@firebase/polyfill/0.3.36:
    resolution: {integrity: sha512-zMM9oSJgY6cT2jx3Ce9LYqb0eIpDE52meIzd/oe/y70F+v9u1LDqk5kUF5mf16zovGBWMNFmgzlsh6Wj0OsFtg==}
    dependencies:
      core-js: 3.6.5
      promise-polyfill: 8.1.3
      whatwg-fetch: 2.0.4
    dev: true

  /@firebase/remote-config-types/0.1.9:
    resolution: {integrity: sha512-G96qnF3RYGbZsTRut7NBX0sxyczxt1uyCgXQuH/eAfUCngxjEGcZQnBdy6mvSdqdJh5mC31rWPO4v9/s7HwtzA==}
    dev: true

  /@firebase/remote-config/0.1.43_cecf7a7a742bee2db1328663fe21e1e0:
    resolution: {integrity: sha512-laNM4MN0CfeSp7XCVNjYOC4DdV6mj0l2rzUh42x4v2wLTweCoJ/kc1i4oWMX9TI7Jw8Am5Wl71Awn1J2pVe5xA==}
    peerDependencies:
      '@firebase/app': 0.x
      '@firebase/app-types': 0.x
    dependencies:
      '@firebase/app': 0.6.30
      '@firebase/app-types': 0.6.3
      '@firebase/component': 0.5.6
      '@firebase/installations': 0.4.32_cecf7a7a742bee2db1328663fe21e1e0
      '@firebase/logger': 0.2.6
      '@firebase/remote-config-types': 0.1.9
      '@firebase/util': 1.3.0
      tslib: 2.3.1
    dev: true

  /@firebase/storage-types/0.5.0_0cd4160f67e87572471d89d202cbf809:
    resolution: {integrity: sha512-6Wv3Lu7s18hsgW7HG4BFwycTquZ3m/C8bjBoOsmPu0TD6M1GKwCzOC7qBdN7L6tRYPh8ipTj5+rPFrmhGfUVKA==}
    peerDependencies:
      '@firebase/app-types': 0.x
      '@firebase/util': 1.x
    dependencies:
      '@firebase/app-types': 0.6.3
      '@firebase/util': 1.3.0
    dev: true

  /@firebase/storage/0.7.0_cecf7a7a742bee2db1328663fe21e1e0:
    resolution: {integrity: sha512-ebDFKJbM5HOxVtZV+RhVEBVtlWHK+Z5L3kA5uDBA2jMYcn+8NV/crozJnEE+iRsGEco6dLK5JS+Er4qtKLpH5A==}
    peerDependencies:
      '@firebase/app': 0.x
      '@firebase/app-types': 0.x
    dependencies:
      '@firebase/app': 0.6.30
      '@firebase/app-types': 0.6.3
      '@firebase/component': 0.5.6
      '@firebase/storage-types': 0.5.0_0cd4160f67e87572471d89d202cbf809
      '@firebase/util': 1.3.0
      node-fetch: 2.6.1
      tslib: 2.3.1
    dev: true

  /@firebase/util/1.3.0:
    resolution: {integrity: sha512-SESvmYwuKOVCZ1ZxLbberbx+9cnbxpCa4CG2FUSQYqN6Ab8KyltegMDIsqMw5KyIBZ4n1phfHoOa22xo5NzAlQ==}
    dependencies:
      tslib: 2.3.1
    dev: true

  /@firebase/webchannel-wrapper/0.5.1:
    resolution: {integrity: sha512-dZMzN0uAjwJXWYYAcnxIwXqRTZw3o14hGe7O6uhwjD1ZQWPVYA5lASgnNskEBra0knVBsOXB4KXg+HnlKewN/A==}
    dev: true

  /@grpc/grpc-js/1.3.7:
    resolution: {integrity: sha512-CKQVuwuSPh40tgOkR7c0ZisxYRiN05PcKPW72mQL5y++qd7CwBRoaJZvU5xfXnCJDFBmS3qZGQ71Frx6Ofo2XA==}
    engines: {node: ^8.13.0 || >=10.10.0}
    dependencies:
      '@types/node': 16.7.2
    dev: true

  /@grpc/proto-loader/0.6.4:
    resolution: {integrity: sha512-7xvDvW/vJEcmLUltCUGOgWRPM8Oofv0eCFSVMuKqaqWJaXSzmB+m9hiyqe34QofAl4WAzIKUZZlinIF9FOHyTQ==}
    engines: {node: '>=6'}
    hasBin: true
    dependencies:
      '@types/long': 4.0.1
      lodash.camelcase: 4.3.0
      long: 4.0.0
      protobufjs: 6.11.2
      yargs: 16.2.0
    dev: true

  /@protobufjs/aspromise/1.1.2:
    resolution: {integrity: sha1-m4sMxmPWaafY9vXQiToU00jzD78=}
    dev: true

  /@protobufjs/base64/1.1.2:
    resolution: {integrity: sha512-AZkcAA5vnN/v4PDqKyMR5lx7hZttPDgClv83E//FMNhR2TMcLUhfRUBHCmSl0oi9zMgDDqRUJkSxO3wm85+XLg==}
    dev: true

  /@protobufjs/codegen/2.0.4:
    resolution: {integrity: sha512-YyFaikqM5sH0ziFZCN3xDC7zeGaB/d0IUb9CATugHWbd1FRFwWwt4ld4OYMPWu5a3Xe01mGAULCdqhMlPl29Jg==}
    dev: true

  /@protobufjs/eventemitter/1.1.0:
    resolution: {integrity: sha1-NVy8mLr61ZePntCV85diHx0Ga3A=}
    dev: true

  /@protobufjs/fetch/1.1.0:
    resolution: {integrity: sha1-upn7WYYUr2VwDBYZ/wbUVLDYTEU=}
    dependencies:
      '@protobufjs/aspromise': 1.1.2
      '@protobufjs/inquire': 1.1.0
    dev: true

  /@protobufjs/float/1.0.2:
    resolution: {integrity: sha1-Xp4avctz/Ap8uLKR33jIy9l7h9E=}
    dev: true

  /@protobufjs/inquire/1.1.0:
    resolution: {integrity: sha1-/yAOPnzyQp4tyvwRQIKOjMY48Ik=}
    dev: true

  /@protobufjs/path/1.1.2:
    resolution: {integrity: sha1-bMKyDFya1q0NzP0hynZz2Nf79o0=}
    dev: true

  /@protobufjs/pool/1.1.0:
    resolution: {integrity: sha1-Cf0V8tbTq/qbZbw2ZQbWrXhG/1Q=}
    dev: true

  /@protobufjs/utf8/1.1.0:
    resolution: {integrity: sha1-p3c2C1s5oaLlEG+OhY8v0tBgxXA=}
    dev: true

  /@rollup/pluginutils/4.1.1:
    resolution: {integrity: sha512-clDjivHqWGXi7u+0d2r2sBi4Ie6VLEAzWMIkvJLnDmxoOhBYOTfzGbOQBA32THHm11/LiJbd01tJUpJsbshSWQ==}
    engines: {node: '>= 8.0.0'}
    dependencies:
      estree-walker: 2.0.2
      picomatch: 2.3.0
    dev: true

  /@sveltejs/adapter-node/1.0.0-next.43:
    resolution: {integrity: sha512-SRKpI67XKcUTzUIhjLDqnuxx7SC3cPazqOAXhLsCTcrgJggqA9Wr7Mpdc05vU6hZYcaLpA+wxOKep2kCmXKfsQ==}
    dependencies:
      esbuild: 0.12.23
      tiny-glob: 0.2.9
    dev: true

  /@sveltejs/kit/1.0.0-next.158_svelte@3.42.3:
    resolution: {integrity: sha512-jVpVeAFOVNOGDRDVvbWjHxco5s78OYsrCJhnEAKoOe690gkWA5Qc8FqPXo8HHiaIHKHmTP1vbrEhQ5jkX7fBAw==}
    engines: {node: ^12.20 || >=14.13}
    hasBin: true
    peerDependencies:
      svelte: ^3.39.0
    dependencies:
      '@sveltejs/vite-plugin-svelte': 1.0.0-next.19_svelte@3.42.3+vite@2.5.1
      cheap-watch: 1.0.3
      sade: 1.7.4
      svelte: 3.42.3
      vite: 2.5.1
    transitivePeerDependencies:
      - diff-match-patch
      - supports-color
    dev: true

  /@sveltejs/vite-plugin-svelte/1.0.0-next.19_svelte@3.42.3+vite@2.5.1:
    resolution: {integrity: sha512-q9hHkMzodScwDq64pNaWhekpj97vWg3wO9T0rqd8bC2EsrBQs2uD1qMJvDqlNd63AbO2uSJMGo+TQ0Xt2xgyYg==}
    engines: {node: ^12.20 || ^14.13.1 || >= 16}
    peerDependencies:
      diff-match-patch: ^1.0.5
      svelte: ^3.34.0
      vite: ^2.3.7
    peerDependenciesMeta:
      diff-match-patch:
        optional: true
    dependencies:
      '@rollup/pluginutils': 4.1.1
      debug: 4.3.2
      kleur: 4.1.4
      magic-string: 0.25.7
      require-relative: 0.8.7
      svelte: 3.42.3
      svelte-hmr: 0.14.7_svelte@3.42.3
      vite: 2.5.1
    transitivePeerDependencies:
      - supports-color
    dev: true

  /@types/long/4.0.1:
    resolution: {integrity: sha512-5tXH6Bx/kNGd3MgffdmP4dy2Z+G4eaXw0SE81Tq3BNadtnMR5/ySMzX4SLEzHJzSmPNn4HIdpQsBvXMUykr58w==}
    dev: true

  /@types/node/16.7.2:
    resolution: {integrity: sha512-TbG4TOx9hng8FKxaVrCisdaxKxqEwJ3zwHoCWXZ0Jw6mnvTInpaB99/2Cy4+XxpXtjNv9/TgfGSvZFyfV/t8Fw==}
    dev: true

  /@types/pug/2.0.5:
    resolution: {integrity: sha512-LOnASQoeNZMkzexRuyqcBBDZ6rS+rQxUMkmj5A0PkhhiSZivLIuz6Hxyr1mkGoEZEkk66faROmpMi4fFkrKsBA==}
    dev: true

  /@types/sass/1.16.1:
    resolution: {integrity: sha512-iZUcRrGuz/Tbg3loODpW7vrQJkUtpY2fFSf4ELqqkApcS2TkZ1msk7ie8iZPB86lDOP8QOTTmuvWjc5S0R9OjQ==}
    dependencies:
      '@types/node': 16.7.2
    dev: true

  /ansi-regex/5.0.0:
    resolution: {integrity: sha512-bY6fj56OUQ0hU1KjFNDQuJFezqKdrAyFdIevADiqrWHwSlbmBNMHp5ak2f40Pm8JTFyM2mqxkG6ngkHO11f/lg==}
    engines: {node: '>=8'}
    dev: true

  /ansi-styles/4.3.0:
    resolution: {integrity: sha512-zbB9rCJAT1rbjiVDb2hqKFHNYLxgtk8NURxZ3IZwD3F6NtxbXZQCnnSi1Lkx+IDohdPlFp222wVALIheZJQSEg==}
    engines: {node: '>=8'}
    dependencies:
      color-convert: 2.0.1
    dev: true

  /cheap-watch/1.0.3:
    resolution: {integrity: sha512-xC5CruMhLzjPwJ5ecUxGu1uGmwJQykUhqd2QrCrYbwvsFYdRyviu6jG9+pccwDXJR/OpmOTOJ9yLFunVgQu9wg==}
    engines: {node: '>=8'}
    dev: true

  /cliui/7.0.4:
    resolution: {integrity: sha512-OcRE68cOsVMXp1Yvonl/fzkQOyjLSu/8bhPDfQt0e0/Eb283TKP20Fs2MqoPsr9SwA595rRCA+QMzYc9nBP+JQ==}
    dependencies:
      string-width: 4.2.2
      strip-ansi: 6.0.0
      wrap-ansi: 7.0.0
    dev: true

  /color-convert/2.0.1:
    resolution: {integrity: sha512-RRECPsj7iu/xb5oKYcsFHSppFNnsj/52OVTRKb4zP5onXwVF3zVmmToNcOfGC+CRDpfK/U584fMg38ZHCaElKQ==}
    engines: {node: '>=7.0.0'}
    dependencies:
      color-name: 1.1.4
    dev: true

  /color-name/1.1.4:
    resolution: {integrity: sha512-dOy+3AuW3a2wNbZHIuMZpTcgjGuLU/uBL/ubcZF9OXbDo8ff4O8yVp5Bf0efS8uEoYo5q4Fx7dY9OgQGXgAsQA==}
    dev: true

  /colorette/1.3.0:
    resolution: {integrity: sha512-ecORCqbSFP7Wm8Y6lyqMJjexBQqXSF7SSeaTyGGphogUjBlFP9m9o08wy86HL2uB7fMTxtOUzLMk7ogKcxMg1w==}
    dev: true

  /core-js/3.6.5:
    resolution: {integrity: sha512-vZVEEwZoIsI+vPEuoF9Iqf5H7/M3eeQqWlQnYa8FSKKePuYTf5MWnxb5SDAzCa60b3JBRS5g9b+Dq7b1y/RCrA==}
    requiresBuild: true
    dev: true

  /debug/4.3.2:
    resolution: {integrity: sha512-mOp8wKcvj7XxC78zLgw/ZA+6TSgkoE2C/ienthhRD298T7UNwAg9diBpLRxC0mOezLl4B0xV7M0cCO6P/O0Xhw==}
    engines: {node: '>=6.0'}
    peerDependencies:
      supports-color: '*'
    peerDependenciesMeta:
      supports-color:
        optional: true
    dependencies:
      ms: 2.1.2
    dev: true

  /detect-indent/6.1.0:
    resolution: {integrity: sha512-reYkTUJAZb9gUuZ2RvVCNhVHdg62RHnJ7WJl8ftMi4diZ6NWlciOzQN88pUhSELEwflJht4oQDv0F0BMlwaYtA==}
    engines: {node: '>=8'}
    dev: true

  /dom-storage/2.1.0:
    resolution: {integrity: sha512-g6RpyWXzl0RR6OTElHKBl7nwnK87GUyZMYC7JWsB/IA73vpqK2K6LT39x4VepLxlSsWBFrPVLnsSR5Jyty0+2Q==}
    dev: true

  /emoji-regex/8.0.0:
    resolution: {integrity: sha512-MSjYzcWNOA0ewAHpz0MxpYFvwg6yjy1NG3xteoqz644VCo/RPgnr1/GGt+ic3iJTzQ8Eu3TdM14SawnVUmGE6A==}
    dev: true

  /esbuild/0.12.23:
    resolution: {integrity: sha512-qvS4aKnmKikoWGscd5lVAzgobMovlH/JhaWitRiQ8xJx0x1Fym0pqVjMFs43Nvff8WpibeWm+fWoLK88T1U0Xw==}
    hasBin: true
    requiresBuild: true
    dev: true

  /escalade/3.1.1:
    resolution: {integrity: sha512-k0er2gUkLf8O0zKJiAhmkTnJlTvINGv7ygDNPbeIsX/TJjGJZHuh9B2UxbsaEkmlEo9MfhrSzmhIlhRlI2GXnw==}
    engines: {node: '>=6'}
    dev: true

  /estree-walker/2.0.2:
    resolution: {integrity: sha512-Rfkk/Mp/DL7JVje3u18FxFujQlTNR2q6QfMSMB7AvCBx91NGj/ba3kCfza0f6dVDbw7YlRf/nDrn7pQrCCyQ/w==}
    dev: true

  /faye-websocket/0.11.3:
    resolution: {integrity: sha512-D2y4bovYpzziGgbHYtGCMjlJM36vAl/y+xUyn1C+FVx8szd1E+86KwVw6XvYSzOP8iMpm1X0I4xJD+QtUb36OA==}
    engines: {node: '>=0.8.0'}
    dependencies:
      websocket-driver: 0.7.4
    dev: true

  /firebase/8.10.0:
    resolution: {integrity: sha512-GCABTbJdo88QgzX5OH/vsfKBWvTRbLUylGlYXtO7uYo1VErfGd2BWW9ATlJP5Gxx+ClDfyvVTvcs2rcNWn3uUA==}
    engines: {node: ^8.13.0 || >=10.10.0}
    dependencies:
      '@firebase/analytics': 0.6.18_cecf7a7a742bee2db1328663fe21e1e0
      '@firebase/app': 0.6.30
      '@firebase/app-check': 0.3.2_cecf7a7a742bee2db1328663fe21e1e0
      '@firebase/app-types': 0.6.3
      '@firebase/auth': 0.16.8_03b29b07c5e346e52c8158b4581c9f15
      '@firebase/database': 0.11.0_@firebase+app-types@0.6.3
      '@firebase/firestore': 2.4.0_cecf7a7a742bee2db1328663fe21e1e0
      '@firebase/functions': 0.6.15_cecf7a7a742bee2db1328663fe21e1e0
      '@firebase/installations': 0.4.32_cecf7a7a742bee2db1328663fe21e1e0
      '@firebase/messaging': 0.8.0_cecf7a7a742bee2db1328663fe21e1e0
      '@firebase/performance': 0.4.18_cecf7a7a742bee2db1328663fe21e1e0
      '@firebase/polyfill': 0.3.36
      '@firebase/remote-config': 0.1.43_cecf7a7a742bee2db1328663fe21e1e0
      '@firebase/storage': 0.7.0_cecf7a7a742bee2db1328663fe21e1e0
      '@firebase/util': 1.3.0
    dev: true

  /fsevents/2.3.2:
    resolution: {integrity: sha512-xiqMQR4xAeHTuB9uWm+fFRcIOgKBMiOBP+eXiyT7jsgVCq1bkVygt00oASowB7EdtpOHaaPgKt812P9ab+DDKA==}
    engines: {node: ^8.16.0 || ^10.6.0 || >=11.0.0}
    os: [darwin]
    dev: true
    optional: true

  /function-bind/1.1.1:
    resolution: {integrity: sha512-yIovAzMX49sF8Yl58fSCWJ5svSLuaibPxXQJFLmBObTuCr0Mf1KiPopGM9NiFjiYBCbfaa2Fh6breQ6ANVTI0A==}
    dev: true

  /get-caller-file/2.0.5:
    resolution: {integrity: sha512-DyFP3BM/3YHTQOCUL/w0OZHR0lpKeGrxotcHWcqNEdnltqFwXVfhEBQ94eIo34AfQpo0rGki4cyIiftY06h2Fg==}
    engines: {node: 6.* || 8.* || >= 10.*}
    dev: true

  /globalyzer/0.1.0:
    resolution: {integrity: sha512-40oNTM9UfG6aBmuKxk/giHn5nQ8RVz/SS4Ir6zgzOv9/qC3kKZ9v4etGTcJbEl/NyVQH7FGU7d+X1egr57Md2Q==}
    dev: true

  /globrex/0.1.2:
    resolution: {integrity: sha512-uHJgbwAMwNFf5mLst7IWLNg14x1CkeqglJb/K3doi4dw6q2IvAAmM/Y81kevy83wP+Sst+nutFTYOGg3d1lsxg==}
    dev: true

  /has/1.0.3:
    resolution: {integrity: sha512-f2dvO0VU6Oej7RkWJGrehjbzMAjFp5/VKPp5tTpWIV4JHHZK1/BxbFRtf/siA2SWTe09caDmVtYYzWEIbBS4zw==}
    engines: {node: '>= 0.4.0'}
    dependencies:
      function-bind: 1.1.1
    dev: true

  /http-parser-js/0.5.3:
    resolution: {integrity: sha512-t7hjvef/5HEK7RWTdUzVUhl8zkEu+LlaE0IYzdMuvbSDipxBRpOn4Uhw8ZyECEa808iVT8XCjzo6xmYt4CiLZg==}
    dev: true

  /idb/3.0.2:
    resolution: {integrity: sha512-+FLa/0sTXqyux0o6C+i2lOR0VoS60LU/jzUo5xjfY6+7sEEgy4Gz1O7yFBXvjd7N0NyIGWIRg8DcQSLEG+VSPw==}
    dev: true

  /is-core-module/2.6.0:
    resolution: {integrity: sha512-wShG8vs60jKfPWpF2KZRaAtvt3a20OAn7+IJ6hLPECpSABLcKtFKTTI4ZtH5QcBruBHlq+WsdHWyz0BCZW7svQ==}
    dependencies:
      has: 1.0.3
    dev: true

  /is-fullwidth-code-point/3.0.0:
    resolution: {integrity: sha512-zymm5+u+sCsSWyD9qNaejV3DFvhCKclKdizYaJUuHA83RLjb7nSuGnddCHGv0hk+KY7BMAlsWeK4Ueg6EV6XQg==}
    engines: {node: '>=8'}
    dev: true

  /kleur/4.1.4:
    resolution: {integrity: sha512-8QADVssbrFjivHWQU7KkMgptGTl6WAcSdlbBPY4uNF+mWr6DGcKrvY2w4FQJoXch7+fKMjj0dRrL75vk3k23OA==}
    engines: {node: '>=6'}
    dev: true

  /lodash.camelcase/4.3.0:
    resolution: {integrity: sha1-soqmKIorn8ZRA1x3EfZathkDMaY=}
    dev: true

  /long/4.0.0:
    resolution: {integrity: sha512-XsP+KhQif4bjX1kbuSiySJFNAehNxgLb6hPRGJ9QsUr8ajHkuXGdrHmFUTUUXhDwVX2R5bY4JNZEwbUiMhV+MA==}
    dev: true

  /magic-string/0.25.7:
    resolution: {integrity: sha512-4CrMT5DOHTDk4HYDlzmwu4FVCcIYI8gauveasrdCu2IKIFOJ3f0v/8MDGJCDL9oD2ppz/Av1b0Nj345H9M+XIA==}
    dependencies:
      sourcemap-codec: 1.4.8
    dev: true

  /min-indent/1.0.1:
    resolution: {integrity: sha512-I9jwMn07Sy/IwOj3zVkVik2JTvgpaykDZEigL6Rx6N9LbMywwUSMtxET+7lVoDLLd3O3IXwJwvuuns8UB/HeAg==}
    engines: {node: '>=4'}
    dev: true

  /mri/1.1.6:
    resolution: {integrity: sha512-oi1b3MfbyGa7FJMP9GmLTttni5JoICpYBRlq+x5V16fZbLsnL9N3wFqqIm/nIG43FjUFkFh9Epzp/kzUGUnJxQ==}
    engines: {node: '>=4'}
    dev: true

  /ms/2.1.2:
    resolution: {integrity: sha512-sGkPx+VjMtmA6MX27oA4FBFELFCZZ4S4XqeGOXCv68tT+jb3vk/RyaKWP0PTKyWtmLSM0b+adUTEvbs1PEaH2w==}
    dev: true

  /nanoid/3.1.25:
    resolution: {integrity: sha512-rdwtIXaXCLFAQbnfqDRnI6jaRHp9fTcYBjtFKE8eezcZ7LuLjhUaQGNeMXf1HmRoCH32CLz6XwX0TtxEOS/A3Q==}
    engines: {node: ^10 || ^12 || ^13.7 || ^14 || >=15.0.1}
    hasBin: true
    dev: true

  /node-fetch/2.6.1:
    resolution: {integrity: sha512-V4aYg89jEoVRxRb2fJdAg8FHvI7cEyYdVAh94HH0UIK8oJxUfkjlDQN9RbMx+bEjP7+ggMiFRprSti032Oipxw==}
    engines: {node: 4.x || >=6.0.0}
    dev: true

  /path-parse/1.0.7:
    resolution: {integrity: sha512-LDJzPVEEEPR+y48z93A0Ed0yXb8pAByGWo/k5YYdYgpY2/2EsOsksJrq7lOHxryrVOn1ejG6oAp8ahvOIQD8sw==}
    dev: true

  /picomatch/2.3.0:
    resolution: {integrity: sha512-lY1Q/PiJGC2zOv/z391WOTD+Z02bCgsFfvxoXXf6h7kv9o+WmsmzYqrAwY63sNgOxE4xEdq0WyUnXfKeBrSvYw==}
    engines: {node: '>=8.6'}
    dev: true

  /postcss/8.3.6:
    resolution: {integrity: sha512-wG1cc/JhRgdqB6WHEuyLTedf3KIRuD0hG6ldkFEZNCjRxiC+3i6kkWUUbiJQayP28iwG35cEmAbe98585BYV0A==}
    engines: {node: ^10 || ^12 || >=14}
    dependencies:
      colorette: 1.3.0
      nanoid: 3.1.25
      source-map-js: 0.6.2
    dev: true

  /promise-polyfill/8.1.3:
    resolution: {integrity: sha512-MG5r82wBzh7pSKDRa9y+vllNHz3e3d4CNj1PQE4BQYxLme0gKYYBm9YENq+UkEikyZ0XbiGWxYlVw3Rl9O/U8g==}
    dev: true

  /protobufjs/6.11.2:
    resolution: {integrity: sha512-4BQJoPooKJl2G9j3XftkIXjoC9C0Av2NOrWmbLWT1vH32GcSUHjM0Arra6UfTsVyfMAuFzaLucXn1sadxJydAw==}
    hasBin: true
    requiresBuild: true
    dependencies:
      '@protobufjs/aspromise': 1.1.2
      '@protobufjs/base64': 1.1.2
      '@protobufjs/codegen': 2.0.4
      '@protobufjs/eventemitter': 1.1.0
      '@protobufjs/fetch': 1.1.0
      '@protobufjs/float': 1.0.2
      '@protobufjs/inquire': 1.1.0
      '@protobufjs/path': 1.1.2
      '@protobufjs/pool': 1.1.0
      '@protobufjs/utf8': 1.1.0
      '@types/long': 4.0.1
      '@types/node': 16.7.2
      long: 4.0.0
    dev: true

  /require-directory/2.1.1:
    resolution: {integrity: sha1-jGStX9MNqxyXbiNE/+f3kqam30I=}
    engines: {node: '>=0.10.0'}
    dev: true

  /require-relative/0.8.7:
    resolution: {integrity: sha1-eZlTn8ngR6N5KPoZb44VY9q9Nt4=}
    dev: true

  /resolve/1.20.0:
    resolution: {integrity: sha512-wENBPt4ySzg4ybFQW2TT1zMQucPK95HSh/nq2CFTZVOGut2+pQvSsgtda4d26YrYcr067wjbmzOG8byDPBX63A==}
    dependencies:
      is-core-module: 2.6.0
      path-parse: 1.0.7
    dev: true

  /rollup/2.56.3:
    resolution: {integrity: sha512-Au92NuznFklgQCUcV96iXlxUbHuB1vQMaH76DHl5M11TotjOHwqk9CwcrT78+Tnv4FN9uTBxq6p4EJoYkpyekg==}
    engines: {node: '>=10.0.0'}
    hasBin: true
    optionalDependencies:
      fsevents: 2.3.2
    dev: true

  /sade/1.7.4:
    resolution: {integrity: sha512-y5yauMD93rX840MwUJr7C1ysLFBgMspsdTo4UVrDg3fXDvtwOyIqykhVAAm6fk/3au77773itJStObgK+LKaiA==}
    engines: {node: '>= 6'}
    dependencies:
      mri: 1.1.6
    dev: true

  /safe-buffer/5.2.1:
    resolution: {integrity: sha512-rp3So07KcdmmKbGvgaNxQSJr7bGVSVk5S9Eq1F+ppbRo70+YeaDxkw5Dd8NPN+GD6bjnYm2VuPuCXmpuYvmCXQ==}
    dev: true

  /source-map-js/0.6.2:
    resolution: {integrity: sha512-/3GptzWzu0+0MBQFrDKzw/DvvMTUORvgY6k6jd/VS6iCR4RDTKWH6v6WPwQoUO8667uQEf9Oe38DxAYWY5F/Ug==}
    engines: {node: '>=0.10.0'}
    dev: true

  /sourcemap-codec/1.4.8:
    resolution: {integrity: sha512-9NykojV5Uih4lgo5So5dtw+f0JgJX30KCNI8gwhz2J9A15wD0Ml6tjHKwf6fTSa6fAdVBdZeNOs9eJ71qCk8vA==}
    dev: true

  /string-width/4.2.2:
    resolution: {integrity: sha512-XBJbT3N4JhVumXE0eoLU9DCjcaF92KLNqTmFCnG1pf8duUxFGwtP6AD6nkjw9a3IdiRtL3E2w3JDiE/xi3vOeA==}
    engines: {node: '>=8'}
    dependencies:
      emoji-regex: 8.0.0
      is-fullwidth-code-point: 3.0.0
      strip-ansi: 6.0.0
    dev: true

  /strip-ansi/6.0.0:
    resolution: {integrity: sha512-AuvKTrTfQNYNIctbR1K/YGTR1756GycPsg7b9bdV9Duqur4gv6aKqHXah67Z8ImS7WEz5QVcOtlfW2rZEugt6w==}
    engines: {node: '>=8'}
    dependencies:
      ansi-regex: 5.0.0
    dev: true

  /strip-indent/3.0.0:
    resolution: {integrity: sha512-laJTa3Jb+VQpaC6DseHhF7dXVqHTfJPCRDaEbid/drOhgitgYku/letMUqOXFoWV0zIIUbjpdH2t+tYj4bQMRQ==}
    engines: {node: '>=8'}
    dependencies:
      min-indent: 1.0.1
    dev: true

  /svelte-hmr/0.14.7_svelte@3.42.3:
    resolution: {integrity: sha512-pDrzgcWSoMaK6AJkBWkmgIsecW0GChxYZSZieIYfCP0v2oPyx2CYU/zm7TBIcjLVUPP714WxmViE9Thht4etog==}
    peerDependencies:
      svelte: '>=3.19.0'
    dependencies:
      svelte: 3.42.3
    dev: true

  /svelte-preprocess/4.8.0_svelte@3.42.3+typescript@4.3.5:
    resolution: {integrity: sha512-i9Z17cwGlp+kuSSv3kJWdAdAP2L26A5yMzHHdDj8YL+86sN64Yz5/gfjQp3Xb6fiaToo4sB+wTpid/23Gz0yvw==}
    engines: {node: '>= 9.11.2'}
    requiresBuild: true
    peerDependencies:
      '@babel/core': ^7.10.2
      coffeescript: ^2.5.1
      less: ^3.11.3
      node-sass: '*'
      postcss: ^7 || ^8
      postcss-load-config: ^2.1.0 || ^3.0.0
      pug: ^3.0.0
      sass: ^1.26.8
      stylus: ^0.54.7
      sugarss: ^2.0.0
      svelte: ^3.23.0
      typescript: ^3.9.5 || ^4.0.0
    peerDependenciesMeta:
      '@babel/core':
        optional: true
      coffeescript:
        optional: true
      less:
        optional: true
      node-sass:
        optional: true
      postcss:
        optional: true
      postcss-load-config:
        optional: true
      pug:
        optional: true
      sass:
        optional: true
      stylus:
        optional: true
      sugarss:
        optional: true
      typescript:
        optional: true
    dependencies:
      '@types/pug': 2.0.5
      '@types/sass': 1.16.1
      detect-indent: 6.1.0
      strip-indent: 3.0.0
      svelte: 3.42.3
      typescript: 4.3.5
    dev: true

  /svelte/3.42.3:
    resolution: {integrity: sha512-pbdtdNZEx2GBqSM6XEgPoHbwtvWBwFLt/1bRmzsyXZO+i424wFnPe7O5B3GOJDPFSxPRztumAW3mL5LPzecWUg==}
    engines: {node: '>= 8'}
    dev: true

  /tiny-glob/0.2.9:
    resolution: {integrity: sha512-g/55ssRPUjShh+xkfx9UPDXqhckHEsHr4Vd9zX55oSdGZc/MD0m3sferOkwWtp98bv+kcVfEHtRJgBVJzelrzg==}
    dependencies:
      globalyzer: 0.1.0
      globrex: 0.1.2
    dev: true

  /tslib/2.3.1:
    resolution: {integrity: sha512-77EbyPPpMz+FRFRuAFlWMtmgUWGe9UOG2Z25NqCwiIjRhOf5iKGuzSe5P2w1laq+FkRy4p+PCuVkJSGkzTEKVw==}
    dev: true

  /typescript/4.3.5:
    resolution: {integrity: sha512-DqQgihaQ9cUrskJo9kIyW/+g0Vxsk8cDtZ52a3NGh0YNTfpUSArXSohyUGnvbPazEPLu398C0UxmKSOrPumUzA==}
    engines: {node: '>=4.2.0'}
    hasBin: true
    dev: true

  /vite/2.5.1:
    resolution: {integrity: sha512-FwmLbbz8MB1pBs9dKoRDgpiqoijif8hSK1+NNUYc12/cnf+pM2UFhhQ1rcpXgbMhm/5c2USZdVAf0FSkSxaFDA==}
    engines: {node: '>=12.2.0'}
    hasBin: true
    dependencies:
      esbuild: 0.12.23
      postcss: 8.3.6
      resolve: 1.20.0
      rollup: 2.56.3
    optionalDependencies:
      fsevents: 2.3.2
    dev: true

  /websocket-driver/0.7.4:
    resolution: {integrity: sha512-b17KeDIQVjvb0ssuSDF2cYXSg2iztliJ4B9WdsuB6J952qCPKmnVq4DyW5motImXHDC1cBT/1UezrJVsKw5zjg==}
    engines: {node: '>=0.8.0'}
    dependencies:
      http-parser-js: 0.5.3
      safe-buffer: 5.2.1
      websocket-extensions: 0.1.4
    dev: true

  /websocket-extensions/0.1.4:
    resolution: {integrity: sha512-OqedPIGOfsDlo31UNwYbCFMSaO9m9G/0faIHj5/dZFDMFqPTcx6UwqyOy3COEaEOg/9VsGIpdqn62W5KhoKSpg==}
    engines: {node: '>=0.8.0'}
    dev: true

  /whatwg-fetch/2.0.4:
    resolution: {integrity: sha512-dcQ1GWpOD/eEQ97k66aiEVpNnapVj90/+R+SXTPYGHpYBBypfKJEQjLrvMZ7YXbKm21gXd4NcuxUTjiv1YtLng==}
    dev: true

  /wrap-ansi/7.0.0:
    resolution: {integrity: sha512-YVGIj2kamLSTxw6NsZjoBxfSwsn0ycdesmc4p+Q21c5zPuZ1pl+NfxVdxPtdHvmNVOQ6XSYG4AUtyt/Fi7D16Q==}
    engines: {node: '>=10'}
    dependencies:
      ansi-styles: 4.3.0
      string-width: 4.2.2
      strip-ansi: 6.0.0
    dev: true

  /xmlhttprequest/1.8.0:
    resolution: {integrity: sha1-Z/4HXFwk/vOfnWX197f+dRcZaPw=}
    engines: {node: '>=0.4.0'}
    dev: true

  /y18n/5.0.8:
    resolution: {integrity: sha512-0pfFzegeDWJHJIAmTLRP2DwHjdF5s7jo9tuztdQxAhINCdvS+3nGINqPd00AphqJR/0LhANUS6/+7SCb98YOfA==}
    engines: {node: '>=10'}
    dev: true

  /yargs-parser/20.2.9:
    resolution: {integrity: sha512-y11nGElTIV+CT3Zv9t7VKl+Q3hTQoT9a1Qzezhhl6Rp21gJ/IVTW7Z3y9EWXhuUBC2Shnf+DX0antecpAwSP8w==}
    engines: {node: '>=10'}
    dev: true

  /yargs/16.2.0:
    resolution: {integrity: sha512-D1mvvtDG0L5ft/jGWkLpG1+m0eQxOfaBvTNELraWj22wSVUMWxZUvYgJYcKh6jGGIkJFhH4IZPQhR4TKpc8mBw==}
    engines: {node: '>=10'}
    dependencies:
      cliui: 7.0.4
      escalade: 3.1.1
      get-caller-file: 2.0.5
      require-directory: 2.1.1
      string-width: 4.2.2
      y18n: 5.0.8
      yargs-parser: 20.2.9
    dev: true
